
Microsoft Visual Studio Solution File, Format Version 12.00
Project("{FAE04EC0-301F-11D3-BF4B-00C04F79EFBC}") = "ProjectLighthouse", "ProjectLighthouse\ProjectLighthouse.csproj", "{C6CFD4AD-47ED-4C86-B0C4-A4216D82E0DC}"
EndProject
Project("{FAE04EC0-301F-11D3-BF4B-00C04F79EFBC}") = "ProjectLighthouse.Tests", "ProjectLighthouse.Tests\ProjectLighthouse.Tests.csproj", "{AFC74569-B289-4ACC-B21C-313A3A62C017}"
EndProject
Project("{2150E333-8FDC-42A3-9474-1A3956D46DE8}") = "Tests", "Tests", "{D360C08E-EA47-43AC-A566-FDF413442980}"
EndProject
Project("{FAE04EC0-301F-11D3-BF4B-00C04F79EFBC}") = "ProjectLighthouse.Tests.GameApiTests", "ProjectLighthouse.Tests.GameApiTests\ProjectLighthouse.Tests.GameApiTests.csproj", "{200EED99-FE3E-45C6-A51E-76ED9819CA2B}"
EndProject
Project("{FAE04EC0-301F-11D3-BF4B-00C04F79EFBC}") = "ProjectLighthouse.Tests.WebsiteTests", "ProjectLighthouse.Tests.WebsiteTests\ProjectLighthouse.Tests.WebsiteTests.csproj", "{CF65EB5B-5364-4D2A-8639-F147A67F08E7}"
EndProject
Project("{FAE04EC0-301F-11D3-BF4B-00C04F79EFBC}") = "ProjectLighthouse.Servers.API", "ProjectLighthouse.Servers.API\ProjectLighthouse.Servers.API.csproj", "{5593825E-F5C9-467F-9125-3E3249CFEEAB}"
EndProject
Project("{FAE04EC0-301F-11D3-BF4B-00C04F79EFBC}") = "ProjectLighthouse.Servers.GameServer", "ProjectLighthouse.Servers.GameServer\ProjectLighthouse.Servers.GameServer.csproj", "{0CD7F64B-7827-4AC9-B7D8-CE371D505544}"
EndProject
Project("{FAE04EC0-301F-11D3-BF4B-00C04F79EFBC}") = "ProjectLighthouse.Servers.Website", "ProjectLighthouse.Servers.Website\ProjectLighthouse.Servers.Website.csproj", "{FA9AEA06-D6B5-4E68-8370-DB9188108635}"
EndProject
Project("{2150E333-8FDC-42A3-9474-1A3956D46DE8}") = "Servers", "Servers", "{1DE7A758-1F4F-4BA5-BE1C-74F9D0AB9EA3}"
EndProject
Project("{2150E333-8FDC-42A3-9474-1A3956D46DE8}") = "Source Code", "Source Code", "{7805B410-9260-4907-A7C6-D739369B2F25}"
EndProject
Project("{FAE04EC0-301F-11D3-BF4B-00C04F79EFBC}") = "ProjectLighthouse.Localization", "ProjectLighthouse.Localization\ProjectLighthouse.Localization.csproj", "{18B76DAC-5DCB-44EA-B74D-0B4554BB161C}"
EndProject
Global
	GlobalSection(SolutionConfigurationPlatforms) = preSolution
		Debug|Any CPU = Debug|Any CPU
		Release|Any CPU = Release|Any CPU
	EndGlobalSection
	GlobalSection(ProjectConfigurationPlatforms) = postSolution
		{C6CFD4AD-47ED-4C86-B0C4-A4216D82E0DC}.Debug|Any CPU.ActiveCfg = Debug|Any CPU
		{C6CFD4AD-47ED-4C86-B0C4-A4216D82E0DC}.Debug|Any CPU.Build.0 = Debug|Any CPU
		{C6CFD4AD-47ED-4C86-B0C4-A4216D82E0DC}.Release|Any CPU.ActiveCfg = Release|Any CPU
		{C6CFD4AD-47ED-4C86-B0C4-A4216D82E0DC}.Release|Any CPU.Build.0 = Release|Any CPU
		{AFC74569-B289-4ACC-B21C-313A3A62C017}.Debug|Any CPU.ActiveCfg = Debug|Any CPU
		{AFC74569-B289-4ACC-B21C-313A3A62C017}.Debug|Any CPU.Build.0 = Debug|Any CPU
		{AFC74569-B289-4ACC-B21C-313A3A62C017}.Release|Any CPU.ActiveCfg = Release|Any CPU
		{200EED99-FE3E-45C6-A51E-76ED9819CA2B}.Debug|Any CPU.ActiveCfg = Debug|Any CPU
		{200EED99-FE3E-45C6-A51E-76ED9819CA2B}.Debug|Any CPU.Build.0 = Debug|Any CPU
		{200EED99-FE3E-45C6-A51E-76ED9819CA2B}.Release|Any CPU.ActiveCfg = Release|Any CPU
		{CF65EB5B-5364-4D2A-8639-F147A67F08E7}.Debug|Any CPU.ActiveCfg = Debug|Any CPU
		{CF65EB5B-5364-4D2A-8639-F147A67F08E7}.Debug|Any CPU.Build.0 = Debug|Any CPU
		{CF65EB5B-5364-4D2A-8639-F147A67F08E7}.Release|Any CPU.ActiveCfg = Release|Any CPU
		{5593825E-F5C9-467F-9125-3E3249CFEEAB}.Debug|Any CPU.ActiveCfg = Debug|Any CPU
		{5593825E-F5C9-467F-9125-3E3249CFEEAB}.Debug|Any CPU.Build.0 = Debug|Any CPU
		{5593825E-F5C9-467F-9125-3E3249CFEEAB}.Release|Any CPU.ActiveCfg = Release|Any CPU
		{5593825E-F5C9-467F-9125-3E3249CFEEAB}.Release|Any CPU.Build.0 = Release|Any CPU
		{0CD7F64B-7827-4AC9-B7D8-CE371D505544}.Debug|Any CPU.ActiveCfg = Debug|Any CPU
		{0CD7F64B-7827-4AC9-B7D8-CE371D505544}.Debug|Any CPU.Build.0 = Debug|Any CPU
		{0CD7F64B-7827-4AC9-B7D8-CE371D505544}.Release|Any CPU.ActiveCfg = Release|Any CPU
		{0CD7F64B-7827-4AC9-B7D8-CE371D505544}.Release|Any CPU.Build.0 = Release|Any CPU
		{FA9AEA06-D6B5-4E68-8370-DB9188108635}.Debug|Any CPU.ActiveCfg = Debug|Any CPU
		{FA9AEA06-D6B5-4E68-8370-DB9188108635}.Debug|Any CPU.Build.0 = Debug|Any CPU
		{FA9AEA06-D6B5-4E68-8370-DB9188108635}.Release|Any CPU.ActiveCfg = Release|Any CPU
		{FA9AEA06-D6B5-4E68-8370-DB9188108635}.Release|Any CPU.Build.0 = Release|Any CPU
		{18B76DAC-5DCB-44EA-B74D-0B4554BB161C}.Debug|Any CPU.ActiveCfg = Debug|Any CPU
		{18B76DAC-5DCB-44EA-B74D-0B4554BB161C}.Debug|Any CPU.Build.0 = Debug|Any CPU
		{18B76DAC-5DCB-44EA-B74D-0B4554BB161C}.Release|Any CPU.ActiveCfg = Release|Any CPU
		{18B76DAC-5DCB-44EA-B74D-0B4554BB161C}.Release|Any CPU.Build.0 = Release|Any CPU
	EndGlobalSection
	GlobalSection(NestedProjects) = preSolution
		{AFC74569-B289-4ACC-B21C-313A3A62C017} = {D360C08E-EA47-43AC-A566-FDF413442980}
		{200EED99-FE3E-45C6-A51E-76ED9819CA2B} = {D360C08E-EA47-43AC-A566-FDF413442980}
		{CF65EB5B-5364-4D2A-8639-F147A67F08E7} = {D360C08E-EA47-43AC-A566-FDF413442980}
		{5593825E-F5C9-467F-9125-3E3249CFEEAB} = {1DE7A758-1F4F-4BA5-BE1C-74F9D0AB9EA3}
		{0CD7F64B-7827-4AC9-B7D8-CE371D505544} = {1DE7A758-1F4F-4BA5-BE1C-74F9D0AB9EA3}
		{FA9AEA06-D6B5-4E68-8370-DB9188108635} = {1DE7A758-1F4F-4BA5-BE1C-74F9D0AB9EA3}
		{1DE7A758-1F4F-4BA5-BE1C-74F9D0AB9EA3} = {7805B410-9260-4907-A7C6-D739369B2F25}
		{C6CFD4AD-47ED-4C86-B0C4-A4216D82E0DC} = {7805B410-9260-4907-A7C6-D739369B2F25}
		{18B76DAC-5DCB-44EA-B74D-0B4554BB161C} = {7805B410-9260-4907-A7C6-D739369B2F25}
	EndGlobalSection
EndGlobal
